
Microsoft Visual Studio Solution File, Format Version 12.00
# Visual Studio Version 17
VisualStudioVersion = 17.3.32819.101
MinimumVisualStudioVersion = 10.0.40219.1
Project("{9A19103F-16F7-4668-BE54-9A1E7A4F7556}") = "WebApiAutores", "WebApiAutores\WebApiAutores.csproj", "{835DB552-2462-47D4-B7EA-4E536A018DD8}"
EndProject
Project("{FAE04EC0-301F-11D3-BF4B-00C04F79EFBC}") = "WebAPIAutores.Tests", "WebAPIAutores.Tests\WebAPIAutores.Tests.csproj", "{55E5C804-5C8F-49AA-BFD7-E24EA07B43FB}"
EndProject
Global
	GlobalSection(SolutionConfigurationPlatforms) = preSolution
		Debug|Any CPU = Debug|Any CPU
		Release|Any CPU = Release|Any CPU
	EndGlobalSection
	GlobalSection(ProjectConfigurationPlatforms) = postSolution
		{835DB552-2462-47D4-B7EA-4E536A018DD8}.Debug|Any CPU.ActiveCfg = Debug|Any CPU
		{835DB552-2462-47D4-B7EA-4E536A018DD8}.Debug|Any CPU.Build.0 = Debug|Any CPU
		{835DB552-2462-47D4-B7EA-4E536A018DD8}.Release|Any CPU.ActiveCfg = Release|Any CPU
		{835DB552-2462-47D4-B7EA-4E536A018DD8}.Release|Any CPU.Build.0 = Release|Any CPU
		{55E5C804-5C8F-49AA-BFD7-E24EA07B43FB}.Debug|Any CPU.ActiveCfg = Debug|Any CPU
		{55E5C804-5C8F-49AA-BFD7-E24EA07B43FB}.Debug|Any CPU.Build.0 = Debug|Any CPU
		{55E5C804-5C8F-49AA-BFD7-E24EA07B43FB}.Release|Any CPU.ActiveCfg = Release|Any CPU
		{55E5C804-5C8F-49AA-BFD7-E24EA07B43FB}.Release|Any CPU.Build.0 = Release|Any CPU
	EndGlobalSection
	GlobalSection(SolutionProperties) = preSolution
		HideSolutionNode = FALSE
	EndGlobalSection
	GlobalSection(ExtensibilityGlobals) = postSolution
		SolutionGuid = {33D835B5-E433-4CD9-9F5C-B635EE7F5184}
	EndGlobalSection
EndGlobal
